// !$*UTF8*$!
{
	archiveVersion = 1;
	classes = {
	};
	objectVersion = 46;
	objects = {

/* Begin PBXBuildFile section */
		594BEA201C83B813007D296D /* Main.storyboard in Resources */ = {isa = PBXBuildFile; fileRef = 594BEA1E1C83B813007D296D /* Main.storyboard */; };
		5961A9CC1C83C02200FD186F /* WSHPlayerView.swift in Sources */ = {isa = PBXBuildFile; fileRef = 5961A9CB1C83C02200FD186F /* WSHPlayerView.swift */; };
		5961A9CE1C83C03100FD186F /* WSHPlayerView.xib in Resources */ = {isa = PBXBuildFile; fileRef = 5961A9CD1C83C03000FD186F /* WSHPlayerView.xib */; };
		5961A9D11C83CB9400FD186F /* UIView+Additions.swift in Sources */ = {isa = PBXBuildFile; fileRef = 5961A9D01C83CB9400FD186F /* UIView+Additions.swift */; };
		59C063FA1C83ADFA00691D8B /* WSHSetupGameViewController.swift in Sources */ = {isa = PBXBuildFile; fileRef = 59C063F91C83ADFA00691D8B /* WSHSetupGameViewController.swift */; };
		D2CB75CF1C838AA000D7BB0D /* AppDelegate.swift in Sources */ = {isa = PBXBuildFile; fileRef = D2CB75CE1C838AA000D7BB0D /* AppDelegate.swift */; };
		D2CB75D11C838AA000D7BB0D /* WSHViewController.swift in Sources */ = {isa = PBXBuildFile; fileRef = D2CB75D01C838AA000D7BB0D /* WSHViewController.swift */; };
		D2CB75D61C838AA000D7BB0D /* Assets.xcassets in Resources */ = {isa = PBXBuildFile; fileRef = D2CB75D51C838AA000D7BB0D /* Assets.xcassets */; };
		D2CB75D91C838AA000D7BB0D /* LaunchScreen.storyboard in Resources */ = {isa = PBXBuildFile; fileRef = D2CB75D71C838AA000D7BB0D /* LaunchScreen.storyboard */; };
		D2CB75E41C83924900D7BB0D /* WSHGameManager.swift in Sources */ = {isa = PBXBuildFile; fileRef = D2CB75E31C83924900D7BB0D /* WSHGameManager.swift */; };
		D2CB75E71C83936F00D7BB0D /* WSHPlayer.swift in Sources */ = {isa = PBXBuildFile; fileRef = D2CB75E61C83936F00D7BB0D /* WSHPlayer.swift */; };
		D2CB75EA1C8398E700D7BB0D /* WSHGame.swift in Sources */ = {isa = PBXBuildFile; fileRef = D2CB75E91C8398E700D7BB0D /* WSHGame.swift */; };
		D2CB75EC1C83994000D7BB0D /* WSHGameSettings.swift in Sources */ = {isa = PBXBuildFile; fileRef = D2CB75EB1C83994000D7BB0D /* WSHGameSettings.swift */; };
		D2CB75EF1C839BD400D7BB0D /* WSHGameManagerDelegate.swift in Sources */ = {isa = PBXBuildFile; fileRef = D2CB75EE1C839BD400D7BB0D /* WSHGameManagerDelegate.swift */; };
		D2CB75F11C839E9300D7BB0D /* WSHGameManagerDatasource.swift in Sources */ = {isa = PBXBuildFile; fileRef = D2CB75F01C839E9300D7BB0D /* WSHGameManagerDatasource.swift */; };
		D2CB75F31C83AA0F00D7BB0D /* WSHRound.swift in Sources */ = {isa = PBXBuildFile; fileRef = D2CB75F21C83AA0F00D7BB0D /* WSHRound.swift */; };
/* End PBXBuildFile section */

/* Begin PBXFileReference section */
		594BEA1F1C83B813007D296D /* Base */ = {isa = PBXFileReference; lastKnownFileType = file.storyboard; name = Base; path = Base.lproj/Main.storyboard; sourceTree = "<group>"; };
		5961A9CB1C83C02200FD186F /* WSHPlayerView.swift */ = {isa = PBXFileReference; fileEncoding = 4; lastKnownFileType = sourcecode.swift; name = WSHPlayerView.swift; path = View/WSHPlayerView.swift; sourceTree = "<group>"; };
		5961A9CD1C83C03000FD186F /* WSHPlayerView.xib */ = {isa = PBXFileReference; fileEncoding = 4; lastKnownFileType = file.xib; name = WSHPlayerView.xib; path = View/WSHPlayerView.xib; sourceTree = "<group>"; };
		5961A9D01C83CB9400FD186F /* UIView+Additions.swift */ = {isa = PBXFileReference; fileEncoding = 4; lastKnownFileType = sourcecode.swift; name = "UIView+Additions.swift"; path = "../../Additions/UIView+Additions.swift"; sourceTree = "<group>"; };
		59C063F91C83ADFA00691D8B /* WSHSetupGameViewController.swift */ = {isa = PBXFileReference; fileEncoding = 4; lastKnownFileType = sourcecode.swift; name = WSHSetupGameViewController.swift; path = Controller/WSHSetupGameViewController.swift; sourceTree = "<group>"; };
		D2CB75CB1C838AA000D7BB0D /* WhistScoreHolder.app */ = {isa = PBXFileReference; explicitFileType = wrapper.application; includeInIndex = 0; path = WhistScoreHolder.app; sourceTree = BUILT_PRODUCTS_DIR; };
		D2CB75CE1C838AA000D7BB0D /* AppDelegate.swift */ = {isa = PBXFileReference; fileEncoding = 4; lastKnownFileType = sourcecode.swift; path = AppDelegate.swift; sourceTree = "<group>"; };
		D2CB75D01C838AA000D7BB0D /* WSHViewController.swift */ = {isa = PBXFileReference; lastKnownFileType = sourcecode.swift; name = WSHViewController.swift; path = Controller/WSHViewController.swift; sourceTree = "<group>"; };
		D2CB75D51C838AA000D7BB0D /* Assets.xcassets */ = {isa = PBXFileReference; lastKnownFileType = folder.assetcatalog; path = Assets.xcassets; sourceTree = "<group>"; };
		D2CB75D81C838AA000D7BB0D /* Base */ = {isa = PBXFileReference; lastKnownFileType = file.storyboard; name = Base; path = Base.lproj/LaunchScreen.storyboard; sourceTree = "<group>"; };
		D2CB75DA1C838AA000D7BB0D /* Info.plist */ = {isa = PBXFileReference; lastKnownFileType = text.plist.xml; path = Info.plist; sourceTree = "<group>"; };
		D2CB75E31C83924900D7BB0D /* WSHGameManager.swift */ = {isa = PBXFileReference; fileEncoding = 4; lastKnownFileType = sourcecode.swift; name = WSHGameManager.swift; path = BusinessLogic/WSHGameManager.swift; sourceTree = "<group>"; };
		D2CB75E61C83936F00D7BB0D /* WSHPlayer.swift */ = {isa = PBXFileReference; fileEncoding = 4; lastKnownFileType = sourcecode.swift; name = WSHPlayer.swift; path = Model/WSHPlayer.swift; sourceTree = "<group>"; };
		D2CB75E91C8398E700D7BB0D /* WSHGame.swift */ = {isa = PBXFileReference; fileEncoding = 4; lastKnownFileType = sourcecode.swift; name = WSHGame.swift; path = Model/WSHGame.swift; sourceTree = "<group>"; };
		D2CB75EB1C83994000D7BB0D /* WSHGameSettings.swift */ = {isa = PBXFileReference; fileEncoding = 4; lastKnownFileType = sourcecode.swift; name = WSHGameSettings.swift; path = Model/WSHGameSettings.swift; sourceTree = "<group>"; };
		D2CB75EE1C839BD400D7BB0D /* WSHGameManagerDelegate.swift */ = {isa = PBXFileReference; fileEncoding = 4; lastKnownFileType = sourcecode.swift; name = WSHGameManagerDelegate.swift; path = BusinessLogic/Protocols/WSHGameManagerDelegate.swift; sourceTree = "<group>"; };
		D2CB75F01C839E9300D7BB0D /* WSHGameManagerDatasource.swift */ = {isa = PBXFileReference; fileEncoding = 4; lastKnownFileType = sourcecode.swift; name = WSHGameManagerDatasource.swift; path = BusinessLogic/Protocols/WSHGameManagerDatasource.swift; sourceTree = "<group>"; };
		D2CB75F21C83AA0F00D7BB0D /* WSHRound.swift */ = {isa = PBXFileReference; fileEncoding = 4; lastKnownFileType = sourcecode.swift; name = WSHRound.swift; path = Model/WSHRound.swift; sourceTree = "<group>"; };
/* End PBXFileReference section */

/* Begin PBXFrameworksBuildPhase section */
		D2CB75C81C838AA000D7BB0D /* Frameworks */ = {
			isa = PBXFrameworksBuildPhase;
			buildActionMask = 2147483647;
			files = (
			);
			runOnlyForDeploymentPostprocessing = 0;
		};
/* End PBXFrameworksBuildPhase section */

/* Begin PBXGroup section */
		5961A9CF1C83CB7900FD186F /* Additions */ = {
			isa = PBXGroup;
			children = (
				5961A9D01C83CB9400FD186F /* UIView+Additions.swift */,
			);
			name = Additions;
			path = BusinessLogic/Additions;
			sourceTree = "<group>";
		};
		D2CB75C21C838AA000D7BB0D = {
			isa = PBXGroup;
			children = (
				D2CB75CD1C838AA000D7BB0D /* WhistScoreHolder */,
				D2CB75CC1C838AA000D7BB0D /* Products */,
			);
			sourceTree = "<group>";
		};
		D2CB75CC1C838AA000D7BB0D /* Products */ = {
			isa = PBXGroup;
			children = (
				D2CB75CB1C838AA000D7BB0D /* WhistScoreHolder.app */,
			);
			name = Products;
			sourceTree = "<group>";
		};
		D2CB75CD1C838AA000D7BB0D /* WhistScoreHolder */ = {
			isa = PBXGroup;
			children = (
				D2CB75E51C83930B00D7BB0D /* BusinessLogic */,
				D2CB75E01C83910200D7BB0D /* Model */,
				D2CB75E61C83936F00D7BB0D /* WSHPlayer.swift */,
				D2CB75E91C8398E700D7BB0D /* WSHGame.swift */,
				D2CB75EB1C83994000D7BB0D /* WSHGameSettings.swift */,
				D2CB75F21C83AA0F00D7BB0D /* WSHRound.swift */,
				D2CB75E21C83910C00D7BB0D /* Controller */,
				D2CB75E11C83910700D7BB0D /* View */,
				5961A9CF1C83CB7900FD186F /* Additions */,
				D2CB75CE1C838AA000D7BB0D /* AppDelegate.swift */,
				D2CB75D51C838AA000D7BB0D /* Assets.xcassets */,
				D2CB75D71C838AA000D7BB0D /* LaunchScreen.storyboard */,
				594BEA1E1C83B813007D296D /* Main.storyboard */,
				D2CB75DA1C838AA000D7BB0D /* Info.plist */,
			);
			path = WhistScoreHolder;
			sourceTree = "<group>";
		};
		D2CB75E01C83910200D7BB0D /* Model */ = {
			isa = PBXGroup;
			children = (
			);
			name = Model;
			sourceTree = "<group>";
		};
		D2CB75E11C83910700D7BB0D /* View */ = {
			isa = PBXGroup;
			children = (
				5961A9CB1C83C02200FD186F /* WSHPlayerView.swift */,
				5961A9CD1C83C03000FD186F /* WSHPlayerView.xib */,
			);
			name = View;
			sourceTree = "<group>";
		};
		D2CB75E21C83910C00D7BB0D /* Controller */ = {
			isa = PBXGroup;
			children = (
				D2CB75D01C838AA000D7BB0D /* WSHViewController.swift */,
				59C063F91C83ADFA00691D8B /* WSHSetupGameViewController.swift */,
			);
			name = Controller;
			sourceTree = "<group>";
		};
		D2CB75E51C83930B00D7BB0D /* BusinessLogic */ = {
			isa = PBXGroup;
			children = (
				D2CB75E31C83924900D7BB0D /* WSHGameManager.swift */,
				D2CB75ED1C839A0400D7BB0D /* Protocols */,
			);
			name = BusinessLogic;
			sourceTree = "<group>";
		};
		D2CB75ED1C839A0400D7BB0D /* Protocols */ = {
			isa = PBXGroup;
			children = (
				D2CB75EE1C839BD400D7BB0D /* WSHGameManagerDelegate.swift */,
				D2CB75F01C839E9300D7BB0D /* WSHGameManagerDatasource.swift */,
			);
			name = Protocols;
			sourceTree = "<group>";
		};
/* End PBXGroup section */

/* Begin PBXNativeTarget section */
		D2CB75CA1C838AA000D7BB0D /* WhistScoreHolder */ = {
			isa = PBXNativeTarget;
			buildConfigurationList = D2CB75DD1C838AA000D7BB0D /* Build configuration list for PBXNativeTarget "WhistScoreHolder" */;
			buildPhases = (
				D2CB75C71C838AA000D7BB0D /* Sources */,
				D2CB75C81C838AA000D7BB0D /* Frameworks */,
				D2CB75C91C838AA000D7BB0D /* Resources */,
			);
			buildRules = (
			);
			dependencies = (
			);
			name = WhistScoreHolder;
			productName = WhistScoreHolder;
			productReference = D2CB75CB1C838AA000D7BB0D /* WhistScoreHolder.app */;
			productType = "com.apple.product-type.application";
		};
/* End PBXNativeTarget section */

/* Begin PBXProject section */
		D2CB75C31C838AA000D7BB0D /* Project object */ = {
			isa = PBXProject;
			attributes = {
				CLASSPREFIX = WSH;
				LastSwiftUpdateCheck = 0720;
				LastUpgradeCheck = 0720;
				ORGANIZATIONNAME = WSHGmbH;
				TargetAttributes = {
					D2CB75CA1C838AA000D7BB0D = {
						CreatedOnToolsVersion = 7.2.1;
					};
				};
			};
			buildConfigurationList = D2CB75C61C838AA000D7BB0D /* Build configuration list for PBXProject "WhistScoreHolder" */;
			compatibilityVersion = "Xcode 3.2";
			developmentRegion = English;
			hasScannedForEncodings = 0;
			knownRegions = (
				en,
				Base,
			);
			mainGroup = D2CB75C21C838AA000D7BB0D;
			productRefGroup = D2CB75CC1C838AA000D7BB0D /* Products */;
			projectDirPath = "";
			projectRoot = "";
			targets = (
				D2CB75CA1C838AA000D7BB0D /* WhistScoreHolder */,
			);
		};
/* End PBXProject section */

/* Begin PBXResourcesBuildPhase section */
		D2CB75C91C838AA000D7BB0D /* Resources */ = {
			isa = PBXResourcesBuildPhase;
			buildActionMask = 2147483647;
			files = (
				D2CB75D91C838AA000D7BB0D /* LaunchScreen.storyboard in Resources */,
				5961A9CE1C83C03100FD186F /* WSHPlayerView.xib in Resources */,
				D2CB75D61C838AA000D7BB0D /* Assets.xcassets in Resources */,
				594BEA201C83B813007D296D /* Main.storyboard in Resources */,
			);
			runOnlyForDeploymentPostprocessing = 0;
		};
/* End PBXResourcesBuildPhase section */

/* Begin PBXSourcesBuildPhase section */
		D2CB75C71C838AA000D7BB0D /* Sources */ = {
			isa = PBXSourcesBuildPhase;
			buildActionMask = 2147483647;
			files = (
				D2CB75E41C83924900D7BB0D /* WSHGameManager.swift in Sources */,
				D2CB75E71C83936F00D7BB0D /* WSHPlayer.swift in Sources */,
				D2CB75D11C838AA000D7BB0D /* WSHViewController.swift in Sources */,
				D2CB75CF1C838AA000D7BB0D /* AppDelegate.swift in Sources */,
				5961A9D11C83CB9400FD186F /* UIView+Additions.swift in Sources */,
				5961A9CC1C83C02200FD186F /* WSHPlayerView.swift in Sources */,
				59C063FA1C83ADFA00691D8B /* WSHSetupGameViewController.swift in Sources */,
				D2CB75EF1C839BD400D7BB0D /* WSHGameManagerDelegate.swift in Sources */,
				D2CB75F11C839E9300D7BB0D /* WSHGameManagerDatasource.swift in Sources */,
				D2CB75EA1C8398E700D7BB0D /* WSHGame.swift in Sources */,
				D2CB75EC1C83994000D7BB0D /* WSHGameSettings.swift in Sources */,
				D2CB75F31C83AA0F00D7BB0D /* WSHRound.swift in Sources */,
			);
			runOnlyForDeploymentPostprocessing = 0;
		};
/* End PBXSourcesBuildPhase section */

/* Begin PBXVariantGroup section */
		594BEA1E1C83B813007D296D /* Main.storyboard */ = {
			isa = PBXVariantGroup;
			children = (
				594BEA1F1C83B813007D296D /* Base */,
			);
			name = Main.storyboard;
			sourceTree = "<group>";
		};
		D2CB75D71C838AA000D7BB0D /* LaunchScreen.storyboard */ = {
			isa = PBXVariantGroup;
			children = (
				D2CB75D81C838AA000D7BB0D /* Base */,
			);
			name = LaunchScreen.storyboard;
			sourceTree = "<group>";
		};
/* End PBXVariantGroup section */

/* Begin XCBuildConfiguration section */
		D2CB75DB1C838AA000D7BB0D /* Debug */ = {
			isa = XCBuildConfiguration;
			buildSettings = {
				ALWAYS_SEARCH_USER_PATHS = NO;
				CLANG_CXX_LANGUAGE_STANDARD = "gnu++0x";
				CLANG_CXX_LIBRARY = "libc++";
				CLANG_ENABLE_MODULES = YES;
				CLANG_ENABLE_OBJC_ARC = YES;
				CLANG_WARN_BOOL_CONVERSION = YES;
				CLANG_WARN_CONSTANT_CONVERSION = YES;
				CLANG_WARN_DIRECT_OBJC_ISA_USAGE = YES_ERROR;
				CLANG_WARN_EMPTY_BODY = YES;
				CLANG_WARN_ENUM_CONVERSION = YES;
				CLANG_WARN_INT_CONVERSION = YES;
				CLANG_WARN_OBJC_ROOT_CLASS = YES_ERROR;
				CLANG_WARN_UNREACHABLE_CODE = YES;
				CLANG_WARN__DUPLICATE_METHOD_MATCH = YES;
				"CODE_SIGN_IDENTITY[sdk=iphoneos*]" = "iPhone Developer";
				COPY_PHASE_STRIP = NO;
				DEBUG_INFORMATION_FORMAT = dwarf;
				ENABLE_STRICT_OBJC_MSGSEND = YES;
				ENABLE_TESTABILITY = YES;
				GCC_C_LANGUAGE_STANDARD = gnu99;
				GCC_DYNAMIC_NO_PIC = NO;
				GCC_NO_COMMON_BLOCKS = YES;
				GCC_OPTIMIZATION_LEVEL = 0;
				GCC_PREPROCESSOR_DEFINITIONS = (
					"DEBUG=1",
					"$(inherited)",
				);
				GCC_WARN_64_TO_32_BIT_CONVERSION = YES;
				GCC_WARN_ABOUT_RETURN_TYPE = YES_ERROR;
				GCC_WARN_UNDECLARED_SELECTOR = YES;
				GCC_WARN_UNINITIALIZED_AUTOS = YES_AGGRESSIVE;
				GCC_WARN_UNUSED_FUNCTION = YES;
				GCC_WARN_UNUSED_VARIABLE = YES;
				IPHONEOS_DEPLOYMENT_TARGET = 9.2;
				MTL_ENABLE_DEBUG_INFO = YES;
				ONLY_ACTIVE_ARCH = YES;
				SDKROOT = iphoneos;
				SWIFT_OPTIMIZATION_LEVEL = "-Onone";
				TARGETED_DEVICE_FAMILY = "1,2";
			};
			name = Debug;
		};
		D2CB75DC1C838AA000D7BB0D /* Release */ = {
			isa = XCBuildConfiguration;
			buildSettings = {
				ALWAYS_SEARCH_USER_PATHS = NO;
				CLANG_CXX_LANGUAGE_STANDARD = "gnu++0x";
				CLANG_CXX_LIBRARY = "libc++";
				CLANG_ENABLE_MODULES = YES;
				CLANG_ENABLE_OBJC_ARC = YES;
				CLANG_WARN_BOOL_CONVERSION = YES;
				CLANG_WARN_CONSTANT_CONVERSION = YES;
				CLANG_WARN_DIRECT_OBJC_ISA_USAGE = YES_ERROR;
				CLANG_WARN_EMPTY_BODY = YES;
				CLANG_WARN_ENUM_CONVERSION = YES;
				CLANG_WARN_INT_CONVERSION = YES;
				CLANG_WARN_OBJC_ROOT_CLASS = YES_ERROR;
				CLANG_WARN_UNREACHABLE_CODE = YES;
				CLANG_WARN__DUPLICATE_METHOD_MATCH = YES;
				"CODE_SIGN_IDENTITY[sdk=iphoneos*]" = "iPhone Developer";
				COPY_PHASE_STRIP = NO;
				DEBUG_INFORMATION_FORMAT = "dwarf-with-dsym";
				ENABLE_NS_ASSERTIONS = NO;
				ENABLE_STRICT_OBJC_MSGSEND = YES;
				GCC_C_LANGUAGE_STANDARD = gnu99;
				GCC_NO_COMMON_BLOCKS = YES;
				GCC_WARN_64_TO_32_BIT_CONVERSION = YES;
				GCC_WARN_ABOUT_RETURN_TYPE = YES_ERROR;
				GCC_WARN_UNDECLARED_SELECTOR = YES;
				GCC_WARN_UNINITIALIZED_AUTOS = YES_AGGRESSIVE;
				GCC_WARN_UNUSED_FUNCTION = YES;
				GCC_WARN_UNUSED_VARIABLE = YES;
				IPHONEOS_DEPLOYMENT_TARGET = 9.2;
				MTL_ENABLE_DEBUG_INFO = NO;
				SDKROOT = iphoneos;
				TARGETED_DEVICE_FAMILY = "1,2";
				VALIDATE_PRODUCT = YES;
			};
			name = Release;
		};
		D2CB75DE1C838AA000D7BB0D /* Debug */ = {
			isa = XCBuildConfiguration;
			buildSettings = {
				ASSETCATALOG_COMPILER_APPICON_NAME = AppIcon;
				INFOPLIST_FILE = WhistScoreHolder/Info.plist;
				LD_RUNPATH_SEARCH_PATHS = "$(inherited) @executable_path/Frameworks";
				PRODUCT_BUNDLE_IDENTIFIER = wshgmbh.WhistScoreHolder;
				PRODUCT_NAME = "$(TARGET_NAME)";
			};
			name = Debug;
		};
		D2CB75DF1C838AA000D7BB0D /* Release */ = {
			isa = XCBuildConfiguration;
			buildSettings = {
				ASSETCATALOG_COMPILER_APPICON_NAME = AppIcon;
				INFOPLIST_FILE = WhistScoreHolder/Info.plist;
				LD_RUNPATH_SEARCH_PATHS = "$(inherited) @executable_path/Frameworks";
				PRODUCT_BUNDLE_IDENTIFIER = wshgmbh.WhistScoreHolder;
				PRODUCT_NAME = "$(TARGET_NAME)";
			};
			name = Release;
		};
/* End XCBuildConfiguration section */

/* Begin XCConfigurationList section */
		D2CB75C61C838AA000D7BB0D /* Build configuration list for PBXProject "WhistScoreHolder" */ = {
			isa = XCConfigurationList;
			buildConfigurations = (
				D2CB75DB1C838AA000D7BB0D /* Debug */,
				D2CB75DC1C838AA000D7BB0D /* Release */,
			);
			defaultConfigurationIsVisible = 0;
			defaultConfigurationName = Release;
		};
		D2CB75DD1C838AA000D7BB0D /* Build configuration list for PBXNativeTarget "WhistScoreHolder" */ = {
			isa = XCConfigurationList;
			buildConfigurations = (
				D2CB75DE1C838AA000D7BB0D /* Debug */,
				D2CB75DF1C838AA000D7BB0D /* Release */,
			);
			defaultConfigurationIsVisible = 0;
			defaultConfigurationName = Release;
		};
/* End XCConfigurationList section */
	};
	rootObject = D2CB75C31C838AA000D7BB0D /* Project object */;
}
