// !$*UTF8*$!
{
	archiveVersion = 1;
	classes = {
	};
	objectVersion = 46;
	objects = {

/* Begin PBXBuildFile section */
		592554781C9DBB0C000C3642 /* WSHHeaderCell.swift in Sources */ = {isa = PBXBuildFile; fileRef = 592554771C9DBB0C000C3642 /* WSHHeaderCell.swift */; };
		5939A1C41C9881FD00FF622C /* WSHGameViewController.swift in Sources */ = {isa = PBXBuildFile; fileRef = 5939A1C31C9881FD00FF622C /* WSHGameViewController.swift */; };
		594BEA201C83B813007D296D /* Main.storyboard in Resources */ = {isa = PBXBuildFile; fileRef = 594BEA1E1C83B813007D296D /* Main.storyboard */; };
		5961A9CC1C83C02200FD186F /* WSHPlayerView.swift in Sources */ = {isa = PBXBuildFile; fileRef = 5961A9CB1C83C02200FD186F /* WSHPlayerView.swift */; };
		5961A9CE1C83C03100FD186F /* WSHPlayerView.xib in Resources */ = {isa = PBXBuildFile; fileRef = 5961A9CD1C83C03000FD186F /* WSHPlayerView.xib */; };
		59625EBA1D48FC0F00646F4F /* WSHPlayerCellSummary.swift in Sources */ = {isa = PBXBuildFile; fileRef = 59625EB91D48FC0F00646F4F /* WSHPlayerCellSummary.swift */; };
		59A4F8AB1C9B46040077B5EC /* WSHScoreCell.swift in Sources */ = {isa = PBXBuildFile; fileRef = 59A4F8AA1C9B46040077B5EC /* WSHScoreCell.swift */; };
		59A4F8AF1C9B47350077B5EC /* UIColor+Additions.swift in Sources */ = {isa = PBXBuildFile; fileRef = 59A4F8AE1C9B47350077B5EC /* UIColor+Additions.swift */; };
		59A4F8B11C9B538D0077B5EC /* WSHScoreCell.xib in Resources */ = {isa = PBXBuildFile; fileRef = 59A4F8B01C9B538D0077B5EC /* WSHScoreCell.xib */; };
		59BBAA361CB1521800C8F267 /* WSHBeginRoundActionViewController.swift in Sources */ = {isa = PBXBuildFile; fileRef = 59BBAA351CB1521800C8F267 /* WSHBeginRoundActionViewController.swift */; };
		59C063FA1C83ADFA00691D8B /* WSHSetupGameViewController.swift in Sources */ = {isa = PBXBuildFile; fileRef = 59C063F91C83ADFA00691D8B /* WSHSetupGameViewController.swift */; };
		59C9608E1C9DBC9C007FDBD6 /* WSHHeaderCell.xib in Resources */ = {isa = PBXBuildFile; fileRef = 59C9608D1C9DBC9C007FDBD6 /* WSHHeaderCell.xib */; };
		59CC74411CAFE65D00E755B8 /* WSHActionViewController.swift in Sources */ = {isa = PBXBuildFile; fileRef = 59CC74401CAFE65D00E755B8 /* WSHActionViewController.swift */; };
		59E771611D2EDA680001923B /* WSHGridView.swift in Sources */ = {isa = PBXBuildFile; fileRef = 59E771601D2EDA680001923B /* WSHGridView.swift */; };
		59E7716D1D3423970001923B /* WSHHandsActionViewController.swift in Sources */ = {isa = PBXBuildFile; fileRef = 59E7716C1D3423970001923B /* WSHHandsActionViewController.swift */; };
		59E771701D3427080001923B /* WSHDefinitions.swift in Sources */ = {isa = PBXBuildFile; fileRef = 59E7716F1D3427080001923B /* WSHDefinitions.swift */; };
		59E771721D3427220001923B /* WSHUtils.swift in Sources */ = {isa = PBXBuildFile; fileRef = 59E771711D3427220001923B /* WSHUtils.swift */; };
		59E867421C8508FF007C6257 /* UIView+Additions.swift in Sources */ = {isa = PBXBuildFile; fileRef = 59E867411C8508FF007C6257 /* UIView+Additions.swift */; };
		59E867941C861ED6007C6257 /* UIImage+Additions.swift in Sources */ = {isa = PBXBuildFile; fileRef = 59E867931C861ED6007C6257 /* UIImage+Additions.swift */; };
		59E867C51C88DB6E007C6257 /* WSHPlayerViewController.swift in Sources */ = {isa = PBXBuildFile; fileRef = 59E867C41C88DB6E007C6257 /* WSHPlayerViewController.swift */; };
		59E867C91C88EA41007C6257 /* UIAlertController+Additions.swift in Sources */ = {isa = PBXBuildFile; fileRef = 59E867C81C88EA41007C6257 /* UIAlertController+Additions.swift */; };
		59E8E4B11D50FE1800D14C7E /* WSHBetButton.swift in Sources */ = {isa = PBXBuildFile; fileRef = 59E8E4B01D50FE1800D14C7E /* WSHBetButton.swift */; };
		59E8E4B31D50FE2A00D14C7E /* WSHBetButton.xib in Resources */ = {isa = PBXBuildFile; fileRef = 59E8E4B21D50FE2A00D14C7E /* WSHBetButton.xib */; };
		D28910271C9B414E00C50932 /* WhistScoreHolderTests.swift in Sources */ = {isa = PBXBuildFile; fileRef = D28910261C9B414E00C50932 /* WhistScoreHolderTests.swift */; };
		D2B9DB691CC160A100E35B67 /* WSHBettingActionViewController.swift in Sources */ = {isa = PBXBuildFile; fileRef = D2B9DB681CC160A100E35B67 /* WSHBettingActionViewController.swift */; };
		D2CB75CF1C838AA000D7BB0D /* AppDelegate.swift in Sources */ = {isa = PBXBuildFile; fileRef = D2CB75CE1C838AA000D7BB0D /* AppDelegate.swift */; };
		D2CB75D61C838AA000D7BB0D /* Assets.xcassets in Resources */ = {isa = PBXBuildFile; fileRef = D2CB75D51C838AA000D7BB0D /* Assets.xcassets */; };
		D2CB75D91C838AA000D7BB0D /* LaunchScreen.storyboard in Resources */ = {isa = PBXBuildFile; fileRef = D2CB75D71C838AA000D7BB0D /* LaunchScreen.storyboard */; };
		D2CB75E41C83924900D7BB0D /* WSHGameManager.swift in Sources */ = {isa = PBXBuildFile; fileRef = D2CB75E31C83924900D7BB0D /* WSHGameManager.swift */; };
		D2CB75E71C83936F00D7BB0D /* WSHPlayer.swift in Sources */ = {isa = PBXBuildFile; fileRef = D2CB75E61C83936F00D7BB0D /* WSHPlayer.swift */; };
		D2CB75EA1C8398E700D7BB0D /* WSHGame.swift in Sources */ = {isa = PBXBuildFile; fileRef = D2CB75E91C8398E700D7BB0D /* WSHGame.swift */; };
		D2CB75EF1C839BD400D7BB0D /* WSHGameManagerDelegate.swift in Sources */ = {isa = PBXBuildFile; fileRef = D2CB75EE1C839BD400D7BB0D /* WSHGameManagerDelegate.swift */; };
		D2CB75F31C83AA0F00D7BB0D /* WSHRound.swift in Sources */ = {isa = PBXBuildFile; fileRef = D2CB75F21C83AA0F00D7BB0D /* WSHRound.swift */; };
		D2D086E91CDE7C6B00210DAF /* WSHMathAdditions.swift in Sources */ = {isa = PBXBuildFile; fileRef = D2D086E81CDE7C6B00210DAF /* WSHMathAdditions.swift */; };
/* End PBXBuildFile section */

/* Begin PBXContainerItemProxy section */
		D28910291C9B414E00C50932 /* PBXContainerItemProxy */ = {
			isa = PBXContainerItemProxy;
			containerPortal = D2CB75C31C838AA000D7BB0D /* Project object */;
			proxyType = 1;
			remoteGlobalIDString = D2CB75CA1C838AA000D7BB0D;
			remoteInfo = WhistScoreHolder;
		};
/* End PBXContainerItemProxy section */

/* Begin PBXFileReference section */
		592554771C9DBB0C000C3642 /* WSHHeaderCell.swift */ = {isa = PBXFileReference; fileEncoding = 4; lastKnownFileType = sourcecode.swift; path = WSHHeaderCell.swift; sourceTree = "<group>"; };
		5939A1C31C9881FD00FF622C /* WSHGameViewController.swift */ = {isa = PBXFileReference; fileEncoding = 4; lastKnownFileType = sourcecode.swift; path = WSHGameViewController.swift; sourceTree = "<group>"; };
		594BEA1F1C83B813007D296D /* Base */ = {isa = PBXFileReference; lastKnownFileType = file.storyboard; name = Base; path = Base.lproj/Main.storyboard; sourceTree = "<group>"; };
		5961A9CB1C83C02200FD186F /* WSHPlayerView.swift */ = {isa = PBXFileReference; fileEncoding = 4; lastKnownFileType = sourcecode.swift; path = WSHPlayerView.swift; sourceTree = "<group>"; };
		5961A9CD1C83C03000FD186F /* WSHPlayerView.xib */ = {isa = PBXFileReference; fileEncoding = 4; lastKnownFileType = file.xib; path = WSHPlayerView.xib; sourceTree = "<group>"; };
		59625EB91D48FC0F00646F4F /* WSHPlayerCellSummary.swift */ = {isa = PBXFileReference; fileEncoding = 4; lastKnownFileType = sourcecode.swift; path = WSHPlayerCellSummary.swift; sourceTree = "<group>"; };
		59A4F8AA1C9B46040077B5EC /* WSHScoreCell.swift */ = {isa = PBXFileReference; fileEncoding = 4; lastKnownFileType = sourcecode.swift; path = WSHScoreCell.swift; sourceTree = "<group>"; };
		59A4F8AE1C9B47350077B5EC /* UIColor+Additions.swift */ = {isa = PBXFileReference; fileEncoding = 4; lastKnownFileType = sourcecode.swift; name = "UIColor+Additions.swift"; path = "WhistScoreHolder/Additions/UIColor+Additions.swift"; sourceTree = SOURCE_ROOT; };
		59A4F8B01C9B538D0077B5EC /* WSHScoreCell.xib */ = {isa = PBXFileReference; fileEncoding = 4; lastKnownFileType = file.xib; path = WSHScoreCell.xib; sourceTree = "<group>"; };
		59BBAA351CB1521800C8F267 /* WSHBeginRoundActionViewController.swift */ = {isa = PBXFileReference; fileEncoding = 4; lastKnownFileType = sourcecode.swift; path = WSHBeginRoundActionViewController.swift; sourceTree = "<group>"; };
		59C063F91C83ADFA00691D8B /* WSHSetupGameViewController.swift */ = {isa = PBXFileReference; fileEncoding = 4; lastKnownFileType = sourcecode.swift; path = WSHSetupGameViewController.swift; sourceTree = "<group>"; };
		59C9608D1C9DBC9C007FDBD6 /* WSHHeaderCell.xib */ = {isa = PBXFileReference; fileEncoding = 4; lastKnownFileType = file.xib; path = WSHHeaderCell.xib; sourceTree = "<group>"; };
		59CC74401CAFE65D00E755B8 /* WSHActionViewController.swift */ = {isa = PBXFileReference; fileEncoding = 4; lastKnownFileType = sourcecode.swift; path = WSHActionViewController.swift; sourceTree = "<group>"; };
		59E771601D2EDA680001923B /* WSHGridView.swift */ = {isa = PBXFileReference; fileEncoding = 4; lastKnownFileType = sourcecode.swift; path = WSHGridView.swift; sourceTree = "<group>"; };
		59E7716C1D3423970001923B /* WSHHandsActionViewController.swift */ = {isa = PBXFileReference; fileEncoding = 4; lastKnownFileType = sourcecode.swift; path = WSHHandsActionViewController.swift; sourceTree = "<group>"; };
		59E7716F1D3427080001923B /* WSHDefinitions.swift */ = {isa = PBXFileReference; fileEncoding = 4; lastKnownFileType = sourcecode.swift; path = WSHDefinitions.swift; sourceTree = "<group>"; };
		59E771711D3427220001923B /* WSHUtils.swift */ = {isa = PBXFileReference; fileEncoding = 4; lastKnownFileType = sourcecode.swift; path = WSHUtils.swift; sourceTree = "<group>"; };
		59E867411C8508FF007C6257 /* UIView+Additions.swift */ = {isa = PBXFileReference; fileEncoding = 4; lastKnownFileType = sourcecode.swift; name = "UIView+Additions.swift"; path = "WhistScoreHolder/Additions/UIView+Additions.swift"; sourceTree = SOURCE_ROOT; };
		59E867931C861ED6007C6257 /* UIImage+Additions.swift */ = {isa = PBXFileReference; fileEncoding = 4; lastKnownFileType = sourcecode.swift; name = "UIImage+Additions.swift"; path = "WhistScoreHolder/Additions/UIImage+Additions.swift"; sourceTree = SOURCE_ROOT; };
		59E867C41C88DB6E007C6257 /* WSHPlayerViewController.swift */ = {isa = PBXFileReference; fileEncoding = 4; lastKnownFileType = sourcecode.swift; path = WSHPlayerViewController.swift; sourceTree = "<group>"; };
		59E867C81C88EA41007C6257 /* UIAlertController+Additions.swift */ = {isa = PBXFileReference; fileEncoding = 4; lastKnownFileType = sourcecode.swift; name = "UIAlertController+Additions.swift"; path = "WhistScoreHolder/Additions/UIAlertController+Additions.swift"; sourceTree = SOURCE_ROOT; };
		59E8E4B01D50FE1800D14C7E /* WSHBetButton.swift */ = {isa = PBXFileReference; fileEncoding = 4; lastKnownFileType = sourcecode.swift; path = WSHBetButton.swift; sourceTree = "<group>"; };
		59E8E4B21D50FE2A00D14C7E /* WSHBetButton.xib */ = {isa = PBXFileReference; fileEncoding = 4; lastKnownFileType = file.xib; path = WSHBetButton.xib; sourceTree = "<group>"; };
		D28910241C9B414E00C50932 /* WhistScoreHolderTests.xctest */ = {isa = PBXFileReference; explicitFileType = wrapper.cfbundle; includeInIndex = 0; path = WhistScoreHolderTests.xctest; sourceTree = BUILT_PRODUCTS_DIR; };
		D28910261C9B414E00C50932 /* WhistScoreHolderTests.swift */ = {isa = PBXFileReference; lastKnownFileType = sourcecode.swift; path = WhistScoreHolderTests.swift; sourceTree = "<group>"; };
		D28910281C9B414E00C50932 /* Info.plist */ = {isa = PBXFileReference; lastKnownFileType = text.plist.xml; path = Info.plist; sourceTree = "<group>"; };
		D2B9DB681CC160A100E35B67 /* WSHBettingActionViewController.swift */ = {isa = PBXFileReference; fileEncoding = 4; lastKnownFileType = sourcecode.swift; path = WSHBettingActionViewController.swift; sourceTree = "<group>"; };
		D2CB75CB1C838AA000D7BB0D /* WhistScoreHolder.app */ = {isa = PBXFileReference; explicitFileType = wrapper.application; includeInIndex = 0; path = WhistScoreHolder.app; sourceTree = BUILT_PRODUCTS_DIR; };
		D2CB75CE1C838AA000D7BB0D /* AppDelegate.swift */ = {isa = PBXFileReference; fileEncoding = 4; lastKnownFileType = sourcecode.swift; path = AppDelegate.swift; sourceTree = "<group>"; };
		D2CB75D51C838AA000D7BB0D /* Assets.xcassets */ = {isa = PBXFileReference; lastKnownFileType = folder.assetcatalog; path = Assets.xcassets; sourceTree = "<group>"; };
		D2CB75D81C838AA000D7BB0D /* Base */ = {isa = PBXFileReference; lastKnownFileType = file.storyboard; name = Base; path = Base.lproj/LaunchScreen.storyboard; sourceTree = "<group>"; };
		D2CB75DA1C838AA000D7BB0D /* Info.plist */ = {isa = PBXFileReference; lastKnownFileType = text.plist.xml; path = Info.plist; sourceTree = "<group>"; };
		D2CB75E31C83924900D7BB0D /* WSHGameManager.swift */ = {isa = PBXFileReference; fileEncoding = 4; lastKnownFileType = sourcecode.swift; path = WSHGameManager.swift; sourceTree = "<group>"; };
		D2CB75E61C83936F00D7BB0D /* WSHPlayer.swift */ = {isa = PBXFileReference; fileEncoding = 4; lastKnownFileType = sourcecode.swift; path = WSHPlayer.swift; sourceTree = "<group>"; };
		D2CB75E91C8398E700D7BB0D /* WSHGame.swift */ = {isa = PBXFileReference; fileEncoding = 4; lastKnownFileType = sourcecode.swift; path = WSHGame.swift; sourceTree = "<group>"; };
		D2CB75EE1C839BD400D7BB0D /* WSHGameManagerDelegate.swift */ = {isa = PBXFileReference; fileEncoding = 4; lastKnownFileType = sourcecode.swift; path = WSHGameManagerDelegate.swift; sourceTree = "<group>"; };
		D2CB75F21C83AA0F00D7BB0D /* WSHRound.swift */ = {isa = PBXFileReference; fileEncoding = 4; lastKnownFileType = sourcecode.swift; path = WSHRound.swift; sourceTree = "<group>"; };
		D2D086E81CDE7C6B00210DAF /* WSHMathAdditions.swift */ = {isa = PBXFileReference; fileEncoding = 4; lastKnownFileType = sourcecode.swift; name = WSHMathAdditions.swift; path = WhistScoreHolder/Additions/WSHMathAdditions.swift; sourceTree = SOURCE_ROOT; };
/* End PBXFileReference section */

/* Begin PBXFrameworksBuildPhase section */
		D28910211C9B414E00C50932 /* Frameworks */ = {
			isa = PBXFrameworksBuildPhase;
			buildActionMask = 2147483647;
			files = (
			);
			runOnlyForDeploymentPostprocessing = 0;
		};
		D2CB75C81C838AA000D7BB0D /* Frameworks */ = {
			isa = PBXFrameworksBuildPhase;
			buildActionMask = 2147483647;
			files = (
			);
			runOnlyForDeploymentPostprocessing = 0;
		};
/* End PBXFrameworksBuildPhase section */

/* Begin PBXGroup section */
		5961A9CF1C83CB7900FD186F /* Additions */ = {
			isa = PBXGroup;
			children = (
				59E867411C8508FF007C6257 /* UIView+Additions.swift */,
				59A4F8AE1C9B47350077B5EC /* UIColor+Additions.swift */,
				59E867931C861ED6007C6257 /* UIImage+Additions.swift */,
				59E867C81C88EA41007C6257 /* UIAlertController+Additions.swift */,
				D2D086E81CDE7C6B00210DAF /* WSHMathAdditions.swift */,
			);
			name = Additions;
			path = BusinessLogic/Additions;
			sourceTree = "<group>";
		};
		59E7716E1D3426F20001923B /* Utils */ = {
			isa = PBXGroup;
			children = (
				59E7716F1D3427080001923B /* WSHDefinitions.swift */,
				59E771711D3427220001923B /* WSHUtils.swift */,
			);
			path = Utils;
			sourceTree = "<group>";
		};
		D28910251C9B414E00C50932 /* WhistScoreHolderTests */ = {
			isa = PBXGroup;
			children = (
				D28910261C9B414E00C50932 /* WhistScoreHolderTests.swift */,
				D28910281C9B414E00C50932 /* Info.plist */,
			);
			path = WhistScoreHolderTests;
			sourceTree = "<group>";
		};
		D2CB75C21C838AA000D7BB0D = {
			isa = PBXGroup;
			children = (
				D2CB75CD1C838AA000D7BB0D /* WhistScoreHolder */,
				D28910251C9B414E00C50932 /* WhistScoreHolderTests */,
				D2CB75CC1C838AA000D7BB0D /* Products */,
			);
			sourceTree = "<group>";
		};
		D2CB75CC1C838AA000D7BB0D /* Products */ = {
			isa = PBXGroup;
			children = (
				D2CB75CB1C838AA000D7BB0D /* WhistScoreHolder.app */,
				D28910241C9B414E00C50932 /* WhistScoreHolderTests.xctest */,
			);
			name = Products;
			sourceTree = "<group>";
		};
		D2CB75CD1C838AA000D7BB0D /* WhistScoreHolder */ = {
			isa = PBXGroup;
			children = (
				D2CB75E51C83930B00D7BB0D /* BusinessLogic */,
				D2CB75E01C83910200D7BB0D /* Model */,
				D2CB75E21C83910C00D7BB0D /* Controller */,
				D2CB75E11C83910700D7BB0D /* View */,
				59E7716E1D3426F20001923B /* Utils */,
				5961A9CF1C83CB7900FD186F /* Additions */,
				D2CB75CE1C838AA000D7BB0D /* AppDelegate.swift */,
				D2CB75D51C838AA000D7BB0D /* Assets.xcassets */,
				D2CB75D71C838AA000D7BB0D /* LaunchScreen.storyboard */,
				594BEA1E1C83B813007D296D /* Main.storyboard */,
				D2CB75DA1C838AA000D7BB0D /* Info.plist */,
			);
			path = WhistScoreHolder;
			sourceTree = "<group>";
		};
		D2CB75E01C83910200D7BB0D /* Model */ = {
			isa = PBXGroup;
			children = (
				D2CB75E61C83936F00D7BB0D /* WSHPlayer.swift */,
				D2CB75E91C8398E700D7BB0D /* WSHGame.swift */,
				D2CB75F21C83AA0F00D7BB0D /* WSHRound.swift */,
			);
			path = Model;
			sourceTree = "<group>";
		};
		D2CB75E11C83910700D7BB0D /* View */ = {
			isa = PBXGroup;
			children = (
				5961A9CB1C83C02200FD186F /* WSHPlayerView.swift */,
				5961A9CD1C83C03000FD186F /* WSHPlayerView.xib */,
				59A4F8AA1C9B46040077B5EC /* WSHScoreCell.swift */,
				59A4F8B01C9B538D0077B5EC /* WSHScoreCell.xib */,
				592554771C9DBB0C000C3642 /* WSHHeaderCell.swift */,
				59C9608D1C9DBC9C007FDBD6 /* WSHHeaderCell.xib */,
				59E771601D2EDA680001923B /* WSHGridView.swift */,
				59625EB91D48FC0F00646F4F /* WSHPlayerCellSummary.swift */,
				59E8E4B01D50FE1800D14C7E /* WSHBetButton.swift */,
				59E8E4B21D50FE2A00D14C7E /* WSHBetButton.xib */,
			);
			path = View;
			sourceTree = "<group>";
		};
		D2CB75E21C83910C00D7BB0D /* Controller */ = {
			isa = PBXGroup;
			children = (
				59C063F91C83ADFA00691D8B /* WSHSetupGameViewController.swift */,
				59E867C41C88DB6E007C6257 /* WSHPlayerViewController.swift */,
				5939A1C31C9881FD00FF622C /* WSHGameViewController.swift */,
				59CC74401CAFE65D00E755B8 /* WSHActionViewController.swift */,
				59BBAA351CB1521800C8F267 /* WSHBeginRoundActionViewController.swift */,
				D2B9DB681CC160A100E35B67 /* WSHBettingActionViewController.swift */,
				59E7716C1D3423970001923B /* WSHHandsActionViewController.swift */,
			);
			path = Controller;
			sourceTree = "<group>";
		};
		D2CB75E51C83930B00D7BB0D /* BusinessLogic */ = {
			isa = PBXGroup;
			children = (
				D2CB75E31C83924900D7BB0D /* WSHGameManager.swift */,
				D2CB75ED1C839A0400D7BB0D /* Protocols */,
			);
			path = BusinessLogic;
			sourceTree = "<group>";
		};
		D2CB75ED1C839A0400D7BB0D /* Protocols */ = {
			isa = PBXGroup;
			children = (
				D2CB75EE1C839BD400D7BB0D /* WSHGameManagerDelegate.swift */,
			);
			path = Protocols;
			sourceTree = "<group>";
		};
/* End PBXGroup section */

/* Begin PBXNativeTarget section */
		D28910231C9B414E00C50932 /* WhistScoreHolderTests */ = {
			isa = PBXNativeTarget;
			buildConfigurationList = D289102B1C9B414E00C50932 /* Build configuration list for PBXNativeTarget "WhistScoreHolderTests" */;
			buildPhases = (
				D28910201C9B414E00C50932 /* Sources */,
				D28910211C9B414E00C50932 /* Frameworks */,
				D28910221C9B414E00C50932 /* Resources */,
			);
			buildRules = (
			);
			dependencies = (
				D289102A1C9B414E00C50932 /* PBXTargetDependency */,
			);
			name = WhistScoreHolderTests;
			productName = WhistScoreHolderTests;
			productReference = D28910241C9B414E00C50932 /* WhistScoreHolderTests.xctest */;
			productType = "com.apple.product-type.bundle.unit-test";
		};
		D2CB75CA1C838AA000D7BB0D /* WhistScoreHolder */ = {
			isa = PBXNativeTarget;
			buildConfigurationList = D2CB75DD1C838AA000D7BB0D /* Build configuration list for PBXNativeTarget "WhistScoreHolder" */;
			buildPhases = (
				D2CB75C71C838AA000D7BB0D /* Sources */,
				D2CB75C81C838AA000D7BB0D /* Frameworks */,
				D2CB75C91C838AA000D7BB0D /* Resources */,
			);
			buildRules = (
			);
			dependencies = (
			);
			name = WhistScoreHolder;
			productName = WhistScoreHolder;
			productReference = D2CB75CB1C838AA000D7BB0D /* WhistScoreHolder.app */;
			productType = "com.apple.product-type.application";
		};
/* End PBXNativeTarget section */

/* Begin PBXProject section */
		D2CB75C31C838AA000D7BB0D /* Project object */ = {
			isa = PBXProject;
			attributes = {
				CLASSPREFIX = WSH;
				LastSwiftUpdateCheck = 0720;
				LastUpgradeCheck = 0720;
				ORGANIZATIONNAME = WSHGmbH;
				TargetAttributes = {
					D28910231C9B414E00C50932 = {
						CreatedOnToolsVersion = 7.2.1;
						TestTargetID = D2CB75CA1C838AA000D7BB0D;
					};
					D2CB75CA1C838AA000D7BB0D = {
						CreatedOnToolsVersion = 7.2.1;
					};
				};
			};
			buildConfigurationList = D2CB75C61C838AA000D7BB0D /* Build configuration list for PBXProject "WhistScoreHolder" */;
			compatibilityVersion = "Xcode 3.2";
			developmentRegion = English;
			hasScannedForEncodings = 0;
			knownRegions = (
				en,
				Base,
			);
			mainGroup = D2CB75C21C838AA000D7BB0D;
			productRefGroup = D2CB75CC1C838AA000D7BB0D /* Products */;
			projectDirPath = "";
			projectRoot = "";
			targets = (
				D2CB75CA1C838AA000D7BB0D /* WhistScoreHolder */,
				D28910231C9B414E00C50932 /* WhistScoreHolderTests */,
			);
		};
/* End PBXProject section */

/* Begin PBXResourcesBuildPhase section */
		D28910221C9B414E00C50932 /* Resources */ = {
			isa = PBXResourcesBuildPhase;
			buildActionMask = 2147483647;
			files = (
			);
			runOnlyForDeploymentPostprocessing = 0;
		};
		D2CB75C91C838AA000D7BB0D /* Resources */ = {
			isa = PBXResourcesBuildPhase;
			buildActionMask = 2147483647;
			files = (
				D2CB75D91C838AA000D7BB0D /* LaunchScreen.storyboard in Resources */,
				5961A9CE1C83C03100FD186F /* WSHPlayerView.xib in Resources */,
				D2CB75D61C838AA000D7BB0D /* Assets.xcassets in Resources */,
				59A4F8B11C9B538D0077B5EC /* WSHScoreCell.xib in Resources */,
				594BEA201C83B813007D296D /* Main.storyboard in Resources */,
				59C9608E1C9DBC9C007FDBD6 /* WSHHeaderCell.xib in Resources */,
				59E8E4B31D50FE2A00D14C7E /* WSHBetButton.xib in Resources */,
			);
			runOnlyForDeploymentPostprocessing = 0;
		};
/* End PBXResourcesBuildPhase section */

/* Begin PBXSourcesBuildPhase section */
		D28910201C9B414E00C50932 /* Sources */ = {
			isa = PBXSourcesBuildPhase;
			buildActionMask = 2147483647;
			files = (
				D28910271C9B414E00C50932 /* WhistScoreHolderTests.swift in Sources */,
			);
			runOnlyForDeploymentPostprocessing = 0;
		};
		D2CB75C71C838AA000D7BB0D /* Sources */ = {
			isa = PBXSourcesBuildPhase;
			buildActionMask = 2147483647;
			files = (
				D2CB75E41C83924900D7BB0D /* WSHGameManager.swift in Sources */,
				D2CB75E71C83936F00D7BB0D /* WSHPlayer.swift in Sources */,
				59CC74411CAFE65D00E755B8 /* WSHActionViewController.swift in Sources */,
				59E867C51C88DB6E007C6257 /* WSHPlayerViewController.swift in Sources */,
				D2CB75CF1C838AA000D7BB0D /* AppDelegate.swift in Sources */,
				59E7716D1D3423970001923B /* WSHHandsActionViewController.swift in Sources */,
				592554781C9DBB0C000C3642 /* WSHHeaderCell.swift in Sources */,
				59E867941C861ED6007C6257 /* UIImage+Additions.swift in Sources */,
				5961A9CC1C83C02200FD186F /* WSHPlayerView.swift in Sources */,
				59E771701D3427080001923B /* WSHDefinitions.swift in Sources */,
				59E867C91C88EA41007C6257 /* UIAlertController+Additions.swift in Sources */,
				5939A1C41C9881FD00FF622C /* WSHGameViewController.swift in Sources */,
				59C063FA1C83ADFA00691D8B /* WSHSetupGameViewController.swift in Sources */,
				59A4F8AB1C9B46040077B5EC /* WSHScoreCell.swift in Sources */,
				59BBAA361CB1521800C8F267 /* WSHBeginRoundActionViewController.swift in Sources */,
				D2CB75EF1C839BD400D7BB0D /* WSHGameManagerDelegate.swift in Sources */,
				D2D086E91CDE7C6B00210DAF /* WSHMathAdditions.swift in Sources */,
				59625EBA1D48FC0F00646F4F /* WSHPlayerCellSummary.swift in Sources */,
				59E8E4B11D50FE1800D14C7E /* WSHBetButton.swift in Sources */,
				D2CB75EA1C8398E700D7BB0D /* WSHGame.swift in Sources */,
				59E771721D3427220001923B /* WSHUtils.swift in Sources */,
				D2B9DB691CC160A100E35B67 /* WSHBettingActionViewController.swift in Sources */,
				59E867421C8508FF007C6257 /* UIView+Additions.swift in Sources */,
				D2CB75F31C83AA0F00D7BB0D /* WSHRound.swift in Sources */,
				59A4F8AF1C9B47350077B5EC /* UIColor+Additions.swift in Sources */,
				59E771611D2EDA680001923B /* WSHGridView.swift in Sources */,
			);
			runOnlyForDeploymentPostprocessing = 0;
		};
/* End PBXSourcesBuildPhase section */

/* Begin PBXTargetDependency section */
		D289102A1C9B414E00C50932 /* PBXTargetDependency */ = {
			isa = PBXTargetDependency;
			target = D2CB75CA1C838AA000D7BB0D /* WhistScoreHolder */;
			targetProxy = D28910291C9B414E00C50932 /* PBXContainerItemProxy */;
		};
/* End PBXTargetDependency section */

/* Begin PBXVariantGroup section */
		594BEA1E1C83B813007D296D /* Main.storyboard */ = {
			isa = PBXVariantGroup;
			children = (
				594BEA1F1C83B813007D296D /* Base */,
			);
			name = Main.storyboard;
			sourceTree = "<group>";
		};
		D2CB75D71C838AA000D7BB0D /* LaunchScreen.storyboard */ = {
			isa = PBXVariantGroup;
			children = (
				D2CB75D81C838AA000D7BB0D /* Base */,
			);
			name = LaunchScreen.storyboard;
			sourceTree = "<group>";
		};
/* End PBXVariantGroup section */

/* Begin XCBuildConfiguration section */
		D289102C1C9B414E00C50932 /* Debug */ = {
			isa = XCBuildConfiguration;
			buildSettings = {
				BUNDLE_LOADER = "$(TEST_HOST)";
				CLANG_ENABLE_MODULES = NO;
				INFOPLIST_FILE = WhistScoreHolderTests/Info.plist;
				LD_RUNPATH_SEARCH_PATHS = "$(inherited) @executable_path/Frameworks @loader_path/Frameworks";
				PRODUCT_BUNDLE_IDENTIFIER = wshgmbh.WhistScoreHolderTests;
				PRODUCT_NAME = "$(TARGET_NAME)";
				TEST_HOST = "$(BUILT_PRODUCTS_DIR)/WhistScoreHolder.app/WhistScoreHolder";
			};
			name = Debug;
		};
		D289102D1C9B414E00C50932 /* Release */ = {
			isa = XCBuildConfiguration;
			buildSettings = {
				BUNDLE_LOADER = "$(TEST_HOST)";
				CLANG_ENABLE_MODULES = NO;
				INFOPLIST_FILE = WhistScoreHolderTests/Info.plist;
				LD_RUNPATH_SEARCH_PATHS = "$(inherited) @executable_path/Frameworks @loader_path/Frameworks";
				PRODUCT_BUNDLE_IDENTIFIER = wshgmbh.WhistScoreHolderTests;
				PRODUCT_NAME = "$(TARGET_NAME)";
				TEST_HOST = "$(BUILT_PRODUCTS_DIR)/WhistScoreHolder.app/WhistScoreHolder";
			};
			name = Release;
		};
		D2CB75DB1C838AA000D7BB0D /* Debug */ = {
			isa = XCBuildConfiguration;
			buildSettings = {
				ALWAYS_SEARCH_USER_PATHS = NO;
				CLANG_CXX_LANGUAGE_STANDARD = "gnu++0x";
				CLANG_CXX_LIBRARY = "libc++";
				CLANG_ENABLE_MODULES = YES;
				CLANG_ENABLE_OBJC_ARC = YES;
				CLANG_WARN_BOOL_CONVERSION = YES;
				CLANG_WARN_CONSTANT_CONVERSION = YES;
				CLANG_WARN_DIRECT_OBJC_ISA_USAGE = YES_ERROR;
				CLANG_WARN_EMPTY_BODY = YES;
				CLANG_WARN_ENUM_CONVERSION = YES;
				CLANG_WARN_INT_CONVERSION = YES;
				CLANG_WARN_OBJC_ROOT_CLASS = YES_ERROR;
				CLANG_WARN_UNREACHABLE_CODE = YES;
				CLANG_WARN__DUPLICATE_METHOD_MATCH = YES;
				"CODE_SIGN_IDENTITY[sdk=iphoneos*]" = "iPhone Developer";
				COPY_PHASE_STRIP = NO;
				DEBUG_INFORMATION_FORMAT = dwarf;
				ENABLE_STRICT_OBJC_MSGSEND = YES;
				ENABLE_TESTABILITY = YES;
				GCC_C_LANGUAGE_STANDARD = gnu99;
				GCC_DYNAMIC_NO_PIC = NO;
				GCC_NO_COMMON_BLOCKS = YES;
				GCC_OPTIMIZATION_LEVEL = 0;
				GCC_PREPROCESSOR_DEFINITIONS = (
					"DEBUG=1",
					"$(inherited)",
				);
				GCC_WARN_64_TO_32_BIT_CONVERSION = YES;
				GCC_WARN_ABOUT_RETURN_TYPE = YES_ERROR;
				GCC_WARN_UNDECLARED_SELECTOR = YES;
				GCC_WARN_UNINITIALIZED_AUTOS = YES_AGGRESSIVE;
				GCC_WARN_UNUSED_FUNCTION = YES;
				GCC_WARN_UNUSED_VARIABLE = YES;
				IPHONEOS_DEPLOYMENT_TARGET = 9.2;
				MTL_ENABLE_DEBUG_INFO = YES;
				ONLY_ACTIVE_ARCH = YES;
				SDKROOT = iphoneos;
				SWIFT_OPTIMIZATION_LEVEL = "-Onone";
				TARGETED_DEVICE_FAMILY = "1,2";
			};
			name = Debug;
		};
		D2CB75DC1C838AA000D7BB0D /* Release */ = {
			isa = XCBuildConfiguration;
			buildSettings = {
				ALWAYS_SEARCH_USER_PATHS = NO;
				CLANG_CXX_LANGUAGE_STANDARD = "gnu++0x";
				CLANG_CXX_LIBRARY = "libc++";
				CLANG_ENABLE_MODULES = YES;
				CLANG_ENABLE_OBJC_ARC = YES;
				CLANG_WARN_BOOL_CONVERSION = YES;
				CLANG_WARN_CONSTANT_CONVERSION = YES;
				CLANG_WARN_DIRECT_OBJC_ISA_USAGE = YES_ERROR;
				CLANG_WARN_EMPTY_BODY = YES;
				CLANG_WARN_ENUM_CONVERSION = YES;
				CLANG_WARN_INT_CONVERSION = YES;
				CLANG_WARN_OBJC_ROOT_CLASS = YES_ERROR;
				CLANG_WARN_UNREACHABLE_CODE = YES;
				CLANG_WARN__DUPLICATE_METHOD_MATCH = YES;
				"CODE_SIGN_IDENTITY[sdk=iphoneos*]" = "iPhone Developer";
				COPY_PHASE_STRIP = NO;
				DEBUG_INFORMATION_FORMAT = "dwarf-with-dsym";
				ENABLE_NS_ASSERTIONS = NO;
				ENABLE_STRICT_OBJC_MSGSEND = YES;
				GCC_C_LANGUAGE_STANDARD = gnu99;
				GCC_NO_COMMON_BLOCKS = YES;
				GCC_WARN_64_TO_32_BIT_CONVERSION = YES;
				GCC_WARN_ABOUT_RETURN_TYPE = YES_ERROR;
				GCC_WARN_UNDECLARED_SELECTOR = YES;
				GCC_WARN_UNINITIALIZED_AUTOS = YES_AGGRESSIVE;
				GCC_WARN_UNUSED_FUNCTION = YES;
				GCC_WARN_UNUSED_VARIABLE = YES;
				IPHONEOS_DEPLOYMENT_TARGET = 9.2;
				MTL_ENABLE_DEBUG_INFO = NO;
				SDKROOT = iphoneos;
				TARGETED_DEVICE_FAMILY = "1,2";
				VALIDATE_PRODUCT = YES;
			};
			name = Release;
		};
		D2CB75DE1C838AA000D7BB0D /* Debug */ = {
			isa = XCBuildConfiguration;
			buildSettings = {
				ASSETCATALOG_COMPILER_APPICON_NAME = AppIcon;
				CODE_SIGN_IDENTITY = "iPhone Developer";
				INFOPLIST_FILE = WhistScoreHolder/Info.plist;
				LD_RUNPATH_SEARCH_PATHS = "$(inherited) @executable_path/Frameworks";
				PRODUCT_BUNDLE_IDENTIFIER = wshgmbh.WhistScoreHolder;
				PRODUCT_NAME = "$(TARGET_NAME)";
			};
			name = Debug;
		};
		D2CB75DF1C838AA000D7BB0D /* Release */ = {
			isa = XCBuildConfiguration;
			buildSettings = {
				ASSETCATALOG_COMPILER_APPICON_NAME = AppIcon;
				CODE_SIGN_IDENTITY = "iPhone Developer";
				INFOPLIST_FILE = WhistScoreHolder/Info.plist;
				LD_RUNPATH_SEARCH_PATHS = "$(inherited) @executable_path/Frameworks";
				PRODUCT_BUNDLE_IDENTIFIER = wshgmbh.WhistScoreHolder;
				PRODUCT_NAME = "$(TARGET_NAME)";
			};
			name = Release;
		};
/* End XCBuildConfiguration section */

/* Begin XCConfigurationList section */
		D289102B1C9B414E00C50932 /* Build configuration list for PBXNativeTarget "WhistScoreHolderTests" */ = {
			isa = XCConfigurationList;
			buildConfigurations = (
				D289102C1C9B414E00C50932 /* Debug */,
				D289102D1C9B414E00C50932 /* Release */,
			);
			defaultConfigurationIsVisible = 0;
			defaultConfigurationName = Release;
		};
		D2CB75C61C838AA000D7BB0D /* Build configuration list for PBXProject "WhistScoreHolder" */ = {
			isa = XCConfigurationList;
			buildConfigurations = (
				D2CB75DB1C838AA000D7BB0D /* Debug */,
				D2CB75DC1C838AA000D7BB0D /* Release */,
			);
			defaultConfigurationIsVisible = 0;
			defaultConfigurationName = Release;
		};
		D2CB75DD1C838AA000D7BB0D /* Build configuration list for PBXNativeTarget "WhistScoreHolder" */ = {
			isa = XCConfigurationList;
			buildConfigurations = (
				D2CB75DE1C838AA000D7BB0D /* Debug */,
				D2CB75DF1C838AA000D7BB0D /* Release */,
			);
			defaultConfigurationIsVisible = 0;
			defaultConfigurationName = Release;
		};
/* End XCConfigurationList section */
	};
	rootObject = D2CB75C31C838AA000D7BB0D /* Project object */;
}
